<?xml version="1.0" encoding="UTF-8" standalone="yes" ?>
<CodeBlocks_project_file>
   <FileVersion major="1" minor="6" />
   <Project>
      <Option title="LightWallet" />
      <Option makefile_is_custom="1" />
      <Option compiler="gcc" />
      <Option virtualFolders="CMake Files\;CMake Files\libraries\;CMake Files\libraries\fc\;CMake Files\libraries\fc\GitVersionGen\;CMake Files\libraries\fc\CMakeModules\;CMake Files\libraries\fc\src\;CMake Files\libraries\fc\vendor\;CMake Files\libraries\fc\vendor\easylzma\;CMake Files\libraries\fc\vendor\easylzma\src\;CMake Files\libraries\fc\vendor\udt4\;CMake Files\libraries\db\;CMake Files\libraries\utilities\;CMake Files\libraries\blockchain\;CMake Files\libraries\bitcoin\;CMake Files\libraries\keyhotee\;CMake Files\libraries\mail\;CMake Files\libraries\wallet\;CMake Files\libraries\wallet\include\;CMake Files\libraries\wallet\include\bts\;CMake Files\libraries\wallet\include\bts\wallet\;CMake Files\libraries\net\;CMake Files\libraries\api\;CMake Files\libraries\client\;CMake Files\libraries\client\include\;CMake Files\libraries\client\include\bts\;CMake Files\libraries\client\include\bts\client\;CMake Files\libraries\rpc\;CMake Files\libraries\cli\;CMake Files\libraries\cli\CMakeModules\;CMake Files\libraries\deterministic_openssl_rand\;CMake Files\libraries\light_wallet\;CMake Files\.git\;CMake Files\.git\refs\;CMake Files\.git\refs\heads\;CMake Files\.git\modules\;CMake Files\.git\modules\libraries\;CMake Files\.git\modules\libraries\fc\;CMake Files\CMakeModules\;CMake Files\vendor\;CMake Files\vendor\miniupnp\;CMake Files\vendor\miniupnp\miniupnpc\;CMake Files\programs\;CMake Files\programs\client\;CMake Files\programs\utils\;CMake Files\programs\utils\web_update_utility\;CMake Files\programs\qt_wallet\;CMake Files\programs\qt_wallet\CMakeModules\;CMake Files\programs\light_wallet\;CMake Files\..\;CMake Files\..\..\;CMake Files\..\..\..\;CMake Files\..\..\..\usr\;CMake Files\..\..\..\usr\local\;CMake Files\..\..\..\usr\local\opt\;CMake Files\..\..\..\usr\local\opt\qt5\;CMake Files\..\..\..\usr\local\opt\qt5\lib\;CMake Files\..\..\..\usr\local\opt\qt5\lib\cmake\;CMake Files\..\..\..\usr\local\opt\qt5\lib\cmake\Qt5Core\;CMake Files\..\..\..\usr\local\opt\qt5\lib\cmake\Qt5Gui\;CMake Files\..\..\..\usr\local\opt\qt5\lib\cmake\Qt5Widgets\;CMake Files\..\..\..\usr\local\opt\qt5\lib\cmake\Qt5WebKit\;CMake Files\..\..\..\usr\local\opt\qt5\lib\cmake\Qt5Network\;CMake Files\..\..\..\usr\local\opt\qt5\lib\cmake\Qt5WebKitWidgets\;CMake Files\..\..\..\usr\local\opt\qt5\lib\cmake\Qt5LinguistTools\;CMake Files\..\..\..\usr\local\opt\qt5\lib\cmake\Qt5Quick\;CMake Files\..\..\..\usr\local\opt\qt5\lib\cmake\Qt5Qml\;CMake Files\tests\;CMake Files\tests\bitcoin\;CMake Files\tests\drltc_tests\;CMake Files\tests\drltc_tests\serial\;CMake Files\tests\drltc_tests\tscript\;CMake Files\tests\drltc_tests\fc_math\;" />
      <Build>
      <Target title="all">
         <Option working_dir="/Users/nathan/bitshares/programs/light_wallet" />
         <Option type="4" />
         <MakeCommands>
            <Build command="/usr/local/bin/ninja -v all" />
            <CompileFile command="/usr/local/bin/ninja -v &quot;$file&quot;" />
            <Clean command="/usr/local/bin/ninja -v clean" />
            <DistClean command="/usr/local/bin/ninja -v clean" />
         </MakeCommands>
      </Target>
      <Target title="LightWallet_automoc">
         <Option working_dir="/Users/nathan/bitshares/programs/light_wallet" />
         <Option type="4" />
         <MakeCommands>
            <Build command="/usr/local/bin/ninja -v LightWallet_automoc" />
            <CompileFile command="/usr/local/bin/ninja -v &quot;$file&quot;" />
            <Clean command="/usr/local/bin/ninja -v clean" />
            <DistClean command="/usr/local/bin/ninja -v clean" />
         </MakeCommands>
      </Target>
      <Target title="LightWallet">
         <Option output="/Users/nathan/bitshares/programs/light_wallet/LightWallet.app/Contents/MacOS/LightWallet" prefix_auto="0" extension_auto="0" />
         <Option working_dir="/Users/nathan/bitshares/programs/light_wallet" />
         <Option object_output="./" />
         <Option type="0" />
         <Option compiler="gcc" />
         <Compiler>
            <Add option="-DQT_QUICK_LIB" />
            <Add option="-DQT_GUI_LIB" />
            <Add option="-DQT_CORE_LIB" />
            <Add option="-DQT_QML_LIB" />
            <Add option="-DQT_NETWORK_LIB" />
            <Add option="-DQT_NO_KEYWORDS" />
            <Add option="-DQT_NO_DEBUG" />
            <Add directory="/System/Library/Frameworks/OpenGL.framework/Headers" />
            <Add directory="/Users/nathan/bitshares/libraries/api/include" />
            <Add directory="/Users/nathan/bitshares/libraries/bitcoin/include" />
            <Add directory="/Users/nathan/bitshares/libraries/blockchain/include" />
            <Add directory="/Users/nathan/bitshares/libraries/cli/include" />
            <Add directory="/Users/nathan/bitshares/libraries/client/include" />
            <Add directory="/Users/nathan/bitshares/libraries/db/include" />
            <Add directory="/Users/nathan/bitshares/libraries/fc/include" />
            <Add directory="/Users/nathan/bitshares/libraries/keyhotee/include" />
            <Add directory="/Users/nathan/bitshares/libraries/leveldb/include" />
            <Add directory="/Users/nathan/bitshares/libraries/light_wallet/include" />
            <Add directory="/Users/nathan/bitshares/libraries/mail/include" />
            <Add directory="/Users/nathan/bitshares/libraries/net/include" />
            <Add directory="/Users/nathan/bitshares/libraries/rpc/include" />
            <Add directory="/Users/nathan/bitshares/libraries/rpc_stubs/include" />
            <Add directory="/Users/nathan/bitshares/libraries/utilities/include" />
            <Add directory="/Users/nathan/bitshares/libraries/wallet/include" />
            <Add directory="/Users/nathan/bitshares/programs/light_wallet" />
            <Add directory="/usr/local/include" />
            <Add directory="/usr/local/opt/qt5/lib/QtCore.framework" />
            <Add directory="/usr/local/opt/qt5/lib/QtCore.framework/Headers" />
            <Add directory="/usr/local/opt/qt5/lib/QtGui.framework" />
            <Add directory="/usr/local/opt/qt5/lib/QtGui.framework/Headers" />
            <Add directory="/usr/local/opt/qt5/lib/QtNetwork.framework" />
            <Add directory="/usr/local/opt/qt5/lib/QtNetwork.framework/Headers" />
            <Add directory="/usr/local/opt/qt5/lib/QtQml.framework" />
            <Add directory="/usr/local/opt/qt5/lib/QtQml.framework/Headers" />
            <Add directory="/usr/local/opt/qt5/lib/QtQuick.framework" />
            <Add directory="/usr/local/opt/qt5/lib/QtQuick.framework/Headers" />
            <Add directory="/usr/local/opt/qt5/mkspecs/macx-clang" />
         </Compiler>
         <MakeCommands>
            <Build command="/usr/local/bin/ninja -v LightWallet" />
            <CompileFile command="/usr/local/bin/ninja -v &quot;$file&quot;" />
            <Clean command="/usr/local/bin/ninja -v clean" />
            <DistClean command="/usr/local/bin/ninja -v clean" />
         </MakeCommands>
      </Target>
      <Target title="LightWallet/fast">
         <Option output="/Users/nathan/bitshares/programs/light_wallet/LightWallet.app/Contents/MacOS/LightWallet" prefix_auto="0" extension_auto="0" />
         <Option working_dir="/Users/nathan/bitshares/programs/light_wallet" />
         <Option object_output="./" />
         <Option type="0" />
         <Option compiler="gcc" />
         <Compiler>
            <Add option="-DQT_QUICK_LIB" />
            <Add option="-DQT_GUI_LIB" />
            <Add option="-DQT_CORE_LIB" />
            <Add option="-DQT_QML_LIB" />
            <Add option="-DQT_NETWORK_LIB" />
            <Add option="-DQT_NO_KEYWORDS" />
            <Add option="-DQT_NO_DEBUG" />
            <Add directory="/System/Library/Frameworks/OpenGL.framework/Headers" />
            <Add directory="/Users/nathan/bitshares/libraries/api/include" />
            <Add directory="/Users/nathan/bitshares/libraries/bitcoin/include" />
            <Add directory="/Users/nathan/bitshares/libraries/blockchain/include" />
            <Add directory="/Users/nathan/bitshares/libraries/cli/include" />
            <Add directory="/Users/nathan/bitshares/libraries/client/include" />
            <Add directory="/Users/nathan/bitshares/libraries/db/include" />
            <Add directory="/Users/nathan/bitshares/libraries/fc/include" />
            <Add directory="/Users/nathan/bitshares/libraries/keyhotee/include" />
            <Add directory="/Users/nathan/bitshares/libraries/leveldb/include" />
            <Add directory="/Users/nathan/bitshares/libraries/light_wallet/include" />
            <Add directory="/Users/nathan/bitshares/libraries/mail/include" />
            <Add directory="/Users/nathan/bitshares/libraries/net/include" />
            <Add directory="/Users/nathan/bitshares/libraries/rpc/include" />
            <Add directory="/Users/nathan/bitshares/libraries/rpc_stubs/include" />
            <Add directory="/Users/nathan/bitshares/libraries/utilities/include" />
            <Add directory="/Users/nathan/bitshares/libraries/wallet/include" />
            <Add directory="/Users/nathan/bitshares/programs/light_wallet" />
            <Add directory="/usr/local/include" />
            <Add directory="/usr/local/opt/qt5/lib/QtCore.framework" />
            <Add directory="/usr/local/opt/qt5/lib/QtCore.framework/Headers" />
            <Add directory="/usr/local/opt/qt5/lib/QtGui.framework" />
            <Add directory="/usr/local/opt/qt5/lib/QtGui.framework/Headers" />
            <Add directory="/usr/local/opt/qt5/lib/QtNetwork.framework" />
            <Add directory="/usr/local/opt/qt5/lib/QtNetwork.framework/Headers" />
            <Add directory="/usr/local/opt/qt5/lib/QtQml.framework" />
            <Add directory="/usr/local/opt/qt5/lib/QtQml.framework/Headers" />
            <Add directory="/usr/local/opt/qt5/lib/QtQuick.framework" />
            <Add directory="/usr/local/opt/qt5/lib/QtQuick.framework/Headers" />
            <Add directory="/usr/local/opt/qt5/mkspecs/macx-clang" />
         </Compiler>
         <MakeCommands>
            <Build command="/usr/local/bin/ninja -v LightWallet/fast" />
            <CompileFile command="/usr/local/bin/ninja -v &quot;$file&quot;" />
            <Clean command="/usr/local/bin/ninja -v clean" />
            <DistClean command="/usr/local/bin/ninja -v clean" />
         </MakeCommands>
      </Target>
      </Build>
      <Unit filename="/Users/nathan/bitshares/programs/light_wallet/Account.cpp">
      </Unit>
      <Unit filename="/Users/nathan/bitshares/programs/light_wallet/LightWallet.cpp">
      </Unit>
      <Unit filename="/Users/nathan/bitshares/programs/light_wallet/QtWrappers.cpp">
      </Unit>
      <Unit filename="/Users/nathan/bitshares/programs/light_wallet/main.cpp">
      </Unit>
      <Unit filename="/Users/nathan/bitshares/programs/light_wallet/Account.hpp">
      </Unit>
      <Unit filename="/Users/nathan/bitshares/programs/light_wallet/LightWallet.hpp">
      </Unit>
      <Unit filename="/Users/nathan/bitshares/programs/light_wallet/QtWrappers.hpp">
      </Unit>
      <Unit filename="/Users/nathan/bitshares/programs/light_wallet/images/bitshares.icns">
      </Unit>
      <Unit filename="/Users/nathan/bitshares/programs/light_wallet/qml/AssetsLayout.qml">
      </Unit>
      <Unit filename="/Users/nathan/bitshares/programs/light_wallet/qml/BackupLayout.qml">
      </Unit>
      <Unit filename="/Users/nathan/bitshares/programs/light_wallet/qml/FloatingActionButton.qml">
      </Unit>
      <Unit filename="/Users/nathan/bitshares/programs/light_wallet/qml/HistoryLayout.qml">
      </Unit>
      <Unit filename="/Users/nathan/bitshares/programs/light_wallet/qml/LockScreen.qml">
      </Unit>
      <Unit filename="/Users/nathan/bitshares/programs/light_wallet/qml/Menu.qml">
      </Unit>
      <Unit filename="/Users/nathan/bitshares/programs/light_wallet/qml/MenuField.qml">
      </Unit>
      <Unit filename="/Users/nathan/bitshares/programs/light_wallet/qml/OnboardingLayout.qml">
      </Unit>
      <Unit filename="/Users/nathan/bitshares/programs/light_wallet/qml/OrderForm.qml">
      </Unit>
      <Unit filename="/Users/nathan/bitshares/programs/light_wallet/qml/PasswordField.qml">
      </Unit>
      <Unit filename="/Users/nathan/bitshares/programs/light_wallet/qml/RoboHash.qml">
      </Unit>
      <Unit filename="/Users/nathan/bitshares/programs/light_wallet/qml/ShakeAnimation.qml">
      </Unit>
      <Unit filename="/Users/nathan/bitshares/programs/light_wallet/qml/Transaction.qml">
      </Unit>
      <Unit filename="/Users/nathan/bitshares/programs/light_wallet/qml/TransferLayout.qml">
      </Unit>
      <Unit filename="/Users/nathan/bitshares/programs/light_wallet/qml/main.qml">
      </Unit>
      <Unit filename="/Users/nathan/bitshares/programs/light_wallet/qml/utils.js">
      </Unit>
      <Unit filename="/Users/nathan/bitshares/CMakeLists.txt">
          <Option virtualFolder="CMake Files\" />
      </Unit>
      <Unit filename="/Users/nathan/bitshares/libraries/CMakeLists.txt">
          <Option virtualFolder="CMake Files\libraries\" />
      </Unit>
      <Unit filename="/Users/nathan/bitshares/libraries/fc/CMakeLists.txt">
          <Option virtualFolder="CMake Files\libraries\fc\" />
      </Unit>
      <Unit filename="/Users/nathan/bitshares/libraries/fc/CMakeLists.txt">
          <Option virtualFolder="CMake Files\libraries\fc\" />
      </Unit>
      <Unit filename="/Users/nathan/bitshares/libraries/fc/GitVersionGen/GetGitRevisionDescription.cmake">
          <Option virtualFolder="CMake Files\libraries\fc\GitVersionGen\" />
      </Unit>
      <Unit filename="/Users/nathan/bitshares/libraries/fc/GitVersionGen/GetGitRevisionDescription.cmake.in">
          <Option virtualFolder="CMake Files\libraries\fc\GitVersionGen\" />
      </Unit>
      <Unit filename="/Users/nathan/bitshares/libraries/fc/GitVersionGen/GetGitRevisionDescription.cmake">
          <Option virtualFolder="CMake Files\libraries\fc\GitVersionGen\" />
      </Unit>
      <Unit filename="/Users/nathan/bitshares/libraries/fc/GitVersionGen/GetGitRevisionDescription.cmake.in">
          <Option virtualFolder="CMake Files\libraries\fc\GitVersionGen\" />
      </Unit>
      <Unit filename="/Users/nathan/bitshares/libraries/fc/GitVersionGen/GetGitRevisionDescription.cmake.in">
          <Option virtualFolder="CMake Files\libraries\fc\GitVersionGen\" />
      </Unit>
      <Unit filename="/Users/nathan/bitshares/libraries/fc/GitVersionGen/GetGitRevisionDescription.cmake">
          <Option virtualFolder="CMake Files\libraries\fc\GitVersionGen\" />
      </Unit>
      <Unit filename="/Users/nathan/bitshares/libraries/fc/GitVersionGen/GetGitRevisionDescription.cmake.in">
          <Option virtualFolder="CMake Files\libraries\fc\GitVersionGen\" />
      </Unit>
      <Unit filename="/Users/nathan/bitshares/libraries/fc/GitVersionGen/GetGitRevisionDescription.cmake.in">
          <Option virtualFolder="CMake Files\libraries\fc\GitVersionGen\" />
      </Unit>
      <Unit filename="/Users/nathan/bitshares/libraries/fc/GitVersionGen/GetGitRevisionDescription.cmake.in">
          <Option virtualFolder="CMake Files\libraries\fc\GitVersionGen\" />
      </Unit>
      <Unit filename="/Users/nathan/bitshares/libraries/fc/GitVersionGen/GetGitRevisionDescription.cmake">
          <Option virtualFolder="CMake Files\libraries\fc\GitVersionGen\" />
      </Unit>
      <Unit filename="/Users/nathan/bitshares/libraries/fc/GitVersionGen/GetGitRevisionDescription.cmake.in">
          <Option virtualFolder="CMake Files\libraries\fc\GitVersionGen\" />
      </Unit>
      <Unit filename="/Users/nathan/bitshares/libraries/fc/GitVersionGen/GetGitRevisionDescription.cmake.in">
          <Option virtualFolder="CMake Files\libraries\fc\GitVersionGen\" />
      </Unit>
      <Unit filename="/Users/nathan/bitshares/libraries/fc/CMakeModules/FindBoost.cmake">
          <Option virtualFolder="CMake Files\libraries\fc\CMakeModules\" />
      </Unit>
      <Unit filename="/Users/nathan/bitshares/libraries/fc/CMakeModules/FindBoost.cmake">
          <Option virtualFolder="CMake Files\libraries\fc\CMakeModules\" />
      </Unit>
      <Unit filename="/Users/nathan/bitshares/libraries/fc/CMakeModules/VersionMacros.cmake">
          <Option virtualFolder="CMake Files\libraries\fc\CMakeModules\" />
      </Unit>
      <Unit filename="/Users/nathan/bitshares/libraries/fc/CMakeModules/ArgumentParser.cmake">
          <Option virtualFolder="CMake Files\libraries\fc\CMakeModules\" />
      </Unit>
      <Unit filename="/Users/nathan/bitshares/libraries/fc/CMakeModules/SetupTargetMacros.cmake">
          <Option virtualFolder="CMake Files\libraries\fc\CMakeModules\" />
      </Unit>
      <Unit filename="/Users/nathan/bitshares/libraries/fc/CMakeModules/ArgumentParser.cmake">
          <Option virtualFolder="CMake Files\libraries\fc\CMakeModules\" />
      </Unit>
      <Unit filename="/Users/nathan/bitshares/libraries/fc/CMakeModules/FindBoost.cmake">
          <Option virtualFolder="CMake Files\libraries\fc\CMakeModules\" />
      </Unit>
      <Unit filename="/Users/nathan/bitshares/libraries/fc/CMakeModules/VersionMacros.cmake">
          <Option virtualFolder="CMake Files\libraries\fc\CMakeModules\" />
      </Unit>
      <Unit filename="/Users/nathan/bitshares/libraries/fc/CMakeModules/ArgumentParser.cmake">
          <Option virtualFolder="CMake Files\libraries\fc\CMakeModules\" />
      </Unit>
      <Unit filename="/Users/nathan/bitshares/libraries/fc/CMakeModules/SetupTargetMacros.cmake">
          <Option virtualFolder="CMake Files\libraries\fc\CMakeModules\" />
      </Unit>
      <Unit filename="/Users/nathan/bitshares/libraries/fc/CMakeModules/ArgumentParser.cmake">
          <Option virtualFolder="CMake Files\libraries\fc\CMakeModules\" />
      </Unit>
      <Unit filename="/Users/nathan/bitshares/libraries/fc/CMakeModules/FindBoost.cmake">
          <Option virtualFolder="CMake Files\libraries\fc\CMakeModules\" />
      </Unit>
      <Unit filename="/Users/nathan/bitshares/libraries/fc/src/git_revision.cpp.in">
          <Option virtualFolder="CMake Files\libraries\fc\src\" />
      </Unit>
      <Unit filename="/Users/nathan/bitshares/libraries/fc/src/git_revision.cpp.in">
          <Option virtualFolder="CMake Files\libraries\fc\src\" />
      </Unit>
      <Unit filename="/Users/nathan/bitshares/libraries/fc/vendor/easylzma/CMakeLists.txt">
          <Option virtualFolder="CMake Files\libraries\fc\vendor\easylzma\" />
      </Unit>
      <Unit filename="/Users/nathan/bitshares/libraries/fc/vendor/easylzma/CMakeLists.txt">
          <Option virtualFolder="CMake Files\libraries\fc\vendor\easylzma\" />
      </Unit>
      <Unit filename="/Users/nathan/bitshares/libraries/fc/vendor/easylzma/CMakeLists.txt">
          <Option virtualFolder="CMake Files\libraries\fc\vendor\easylzma\" />
      </Unit>
      <Unit filename="/Users/nathan/bitshares/libraries/fc/vendor/easylzma/src/CMakeLists.txt">
          <Option virtualFolder="CMake Files\libraries\fc\vendor\easylzma\src\" />
      </Unit>
      <Unit filename="/Users/nathan/bitshares/libraries/fc/vendor/easylzma/src/CMakeLists.txt">
          <Option virtualFolder="CMake Files\libraries\fc\vendor\easylzma\src\" />
      </Unit>
      <Unit filename="/Users/nathan/bitshares/libraries/fc/vendor/easylzma/src/CMakeLists.txt">
          <Option virtualFolder="CMake Files\libraries\fc\vendor\easylzma\src\" />
      </Unit>
      <Unit filename="/Users/nathan/bitshares/libraries/fc/vendor/udt4/CMakeLists.txt">
          <Option virtualFolder="CMake Files\libraries\fc\vendor\udt4\" />
      </Unit>
      <Unit filename="/Users/nathan/bitshares/libraries/fc/vendor/udt4/CMakeLists.txt">
          <Option virtualFolder="CMake Files\libraries\fc\vendor\udt4\" />
      </Unit>
      <Unit filename="/Users/nathan/bitshares/libraries/db/CMakeLists.txt">
          <Option virtualFolder="CMake Files\libraries\db\" />
      </Unit>
      <Unit filename="/Users/nathan/bitshares/libraries/utilities/CMakeLists.txt">
          <Option virtualFolder="CMake Files\libraries\utilities\" />
      </Unit>
      <Unit filename="/Users/nathan/bitshares/libraries/utilities/git_revision.cpp.in">
          <Option virtualFolder="CMake Files\libraries\utilities\" />
      </Unit>
      <Unit filename="/Users/nathan/bitshares/libraries/blockchain/CMakeLists.txt">
          <Option virtualFolder="CMake Files\libraries\blockchain\" />
      </Unit>
      <Unit filename="/Users/nathan/bitshares/libraries/bitcoin/CMakeLists.txt">
          <Option virtualFolder="CMake Files\libraries\bitcoin\" />
      </Unit>
      <Unit filename="/Users/nathan/bitshares/libraries/keyhotee/CMakeLists.txt">
          <Option virtualFolder="CMake Files\libraries\keyhotee\" />
      </Unit>
      <Unit filename="/Users/nathan/bitshares/libraries/mail/CMakeLists.txt">
          <Option virtualFolder="CMake Files\libraries\mail\" />
      </Unit>
      <Unit filename="/Users/nathan/bitshares/libraries/wallet/CMakeLists.txt">
          <Option virtualFolder="CMake Files\libraries\wallet\" />
      </Unit>
      <Unit filename="/Users/nathan/bitshares/libraries/wallet/include/bts/wallet/url.hpp.in">
          <Option virtualFolder="CMake Files\libraries\wallet\include\bts\wallet\" />
      </Unit>
      <Unit filename="/Users/nathan/bitshares/libraries/net/CMakeLists.txt">
          <Option virtualFolder="CMake Files\libraries\net\" />
      </Unit>
      <Unit filename="/Users/nathan/bitshares/libraries/api/CMakeLists.txt">
          <Option virtualFolder="CMake Files\libraries\api\" />
      </Unit>
      <Unit filename="/Users/nathan/bitshares/libraries/client/CMakeLists.txt">
          <Option virtualFolder="CMake Files\libraries\client\" />
      </Unit>
      <Unit filename="/Users/nathan/bitshares/libraries/client/include/bts/client/build_info.hpp.in">
          <Option virtualFolder="CMake Files\libraries\client\include\bts\client\" />
      </Unit>
      <Unit filename="/Users/nathan/bitshares/libraries/rpc/CMakeLists.txt">
          <Option virtualFolder="CMake Files\libraries\rpc\" />
      </Unit>
      <Unit filename="/Users/nathan/bitshares/libraries/cli/CMakeLists.txt">
          <Option virtualFolder="CMake Files\libraries\cli\" />
      </Unit>
      <Unit filename="/Users/nathan/bitshares/libraries/cli/CMakeModules/FindReadline.cmake">
          <Option virtualFolder="CMake Files\libraries\cli\CMakeModules\" />
      </Unit>
      <Unit filename="/Users/nathan/bitshares/libraries/deterministic_openssl_rand/CMakeLists.txt">
          <Option virtualFolder="CMake Files\libraries\deterministic_openssl_rand\" />
      </Unit>
      <Unit filename="/Users/nathan/bitshares/libraries/light_wallet/CMakeLists.txt">
          <Option virtualFolder="CMake Files\libraries\light_wallet\" />
      </Unit>
      <Unit filename="/Users/nathan/bitshares/.git/HEAD">
          <Option virtualFolder="CMake Files\.git\" />
      </Unit>
      <Unit filename="/Users/nathan/bitshares/.git/HEAD">
          <Option virtualFolder="CMake Files\.git\" />
      </Unit>
      <Unit filename="/Users/nathan/bitshares/.git/HEAD">
          <Option virtualFolder="CMake Files\.git\" />
      </Unit>
      <Unit filename="/Users/nathan/bitshares/.git/HEAD">
          <Option virtualFolder="CMake Files\.git\" />
      </Unit>
      <Unit filename="/Users/nathan/bitshares/.git/refs/heads/develop">
          <Option virtualFolder="CMake Files\.git\refs\heads\" />
      </Unit>
      <Unit filename="/Users/nathan/bitshares/.git/refs/heads/develop">
          <Option virtualFolder="CMake Files\.git\refs\heads\" />
      </Unit>
      <Unit filename="/Users/nathan/bitshares/.git/refs/heads/develop">
          <Option virtualFolder="CMake Files\.git\refs\heads\" />
      </Unit>
      <Unit filename="/Users/nathan/bitshares/.git/refs/heads/develop">
          <Option virtualFolder="CMake Files\.git\refs\heads\" />
      </Unit>
      <Unit filename="/Users/nathan/bitshares/.git/modules/libraries/fc/HEAD">
          <Option virtualFolder="CMake Files\.git\modules\libraries\fc\" />
      </Unit>
      <Unit filename="/Users/nathan/bitshares/.git/modules/libraries/fc/HEAD">
          <Option virtualFolder="CMake Files\.git\modules\libraries\fc\" />
      </Unit>
      <Unit filename="/Users/nathan/bitshares/.git/modules/libraries/fc/HEAD">
          <Option virtualFolder="CMake Files\.git\modules\libraries\fc\" />
      </Unit>
      <Unit filename="/Users/nathan/bitshares/.git/modules/libraries/fc/HEAD">
          <Option virtualFolder="CMake Files\.git\modules\libraries\fc\" />
      </Unit>
      <Unit filename="/Users/nathan/bitshares/.git/modules/libraries/fc/HEAD">
          <Option virtualFolder="CMake Files\.git\modules\libraries\fc\" />
      </Unit>
      <Unit filename="/Users/nathan/bitshares/.git/modules/libraries/fc/HEAD">
          <Option virtualFolder="CMake Files\.git\modules\libraries\fc\" />
      </Unit>
      <Unit filename="/Users/nathan/bitshares/.git/modules/libraries/fc/HEAD">
          <Option virtualFolder="CMake Files\.git\modules\libraries\fc\" />
      </Unit>
      <Unit filename="/Users/nathan/bitshares/.git/modules/libraries/fc/HEAD">
          <Option virtualFolder="CMake Files\.git\modules\libraries\fc\" />
      </Unit>
      <Unit filename="/Users/nathan/bitshares/CMakeModules/FindGperftools.cmake">
          <Option virtualFolder="CMake Files\CMakeModules\" />
      </Unit>
      <Unit filename="/Users/nathan/bitshares/CMakeModules/FindBerkeleyDB.cmake">
          <Option virtualFolder="CMake Files\CMakeModules\" />
      </Unit>
      <Unit filename="/Users/nathan/bitshares/CMakeModules/FindBerkeleyDB.cmake">
          <Option virtualFolder="CMake Files\CMakeModules\" />
      </Unit>
      <Unit filename="/Users/nathan/bitshares/vendor/miniupnp/miniupnpc/CMakeLists.txt">
          <Option virtualFolder="CMake Files\vendor\miniupnp\miniupnpc\" />
      </Unit>
      <Unit filename="/Users/nathan/bitshares/vendor/miniupnp/miniupnpc/miniupnpcstrings.h.cmake">
          <Option virtualFolder="CMake Files\vendor\miniupnp\miniupnpc\" />
      </Unit>
      <Unit filename="/Users/nathan/bitshares/vendor/miniupnp/miniupnpc/CMakeLists.txt">
          <Option virtualFolder="CMake Files\vendor\miniupnp\miniupnpc\" />
      </Unit>
      <Unit filename="/Users/nathan/bitshares/vendor/miniupnp/miniupnpc/miniupnpcstrings.h.cmake">
          <Option virtualFolder="CMake Files\vendor\miniupnp\miniupnpc\" />
      </Unit>
      <Unit filename="/Users/nathan/bitshares/programs/CMakeLists.txt">
          <Option virtualFolder="CMake Files\programs\" />
      </Unit>
      <Unit filename="/Users/nathan/bitshares/programs/client/CMakeLists.txt">
          <Option virtualFolder="CMake Files\programs\client\" />
      </Unit>
      <Unit filename="/Users/nathan/bitshares/programs/utils/CMakeLists.txt">
          <Option virtualFolder="CMake Files\programs\utils\" />
      </Unit>
      <Unit filename="/Users/nathan/bitshares/programs/utils/web_update_utility/CMakeLists.txt">
          <Option virtualFolder="CMake Files\programs\utils\web_update_utility\" />
      </Unit>
      <Unit filename="/Users/nathan/bitshares/programs/qt_wallet/CMakeLists.txt">
          <Option virtualFolder="CMake Files\programs\qt_wallet\" />
      </Unit>
      <Unit filename="/Users/nathan/bitshares/programs/qt_wallet/GenerateHtDocs.cmake.in">
          <Option virtualFolder="CMake Files\programs\qt_wallet\" />
      </Unit>
      <Unit filename="/Users/nathan/bitshares/programs/qt_wallet/bitshares.qrc">
          <Option virtualFolder="CMake Files\programs\qt_wallet\" />
      </Unit>
      <Unit filename="/Users/nathan/bitshares/programs/qt_wallet/htdocs.qrc">
          <Option virtualFolder="CMake Files\programs\qt_wallet\" />
      </Unit>
      <Unit filename="/Users/nathan/bitshares/programs/qt_wallet/CMakeLists.txt">
          <Option virtualFolder="CMake Files\programs\qt_wallet\" />
      </Unit>
      <Unit filename="/Users/nathan/bitshares/programs/qt_wallet/GenerateHtDocs.cmake.in">
          <Option virtualFolder="CMake Files\programs\qt_wallet\" />
      </Unit>
      <Unit filename="/Users/nathan/bitshares/programs/qt_wallet/bitshares.qrc">
          <Option virtualFolder="CMake Files\programs\qt_wallet\" />
      </Unit>
      <Unit filename="/Users/nathan/bitshares/programs/qt_wallet/htdocs.qrc">
          <Option virtualFolder="CMake Files\programs\qt_wallet\" />
      </Unit>
      <Unit filename="/Users/nathan/bitshares/programs/qt_wallet/CMakeModules/MacOSXBundleInfo.plist.in">
          <Option virtualFolder="CMake Files\programs\qt_wallet\CMakeModules\" />
      </Unit>
      <Unit filename="/Users/nathan/bitshares/programs/qt_wallet/CMakeModules/MacOSXBundleInfo.plist.in">
          <Option virtualFolder="CMake Files\programs\qt_wallet\CMakeModules\" />
      </Unit>
      <Unit filename="/Users/nathan/bitshares/programs/light_wallet/CMakeLists.txt">
          <Option virtualFolder="CMake Files\programs\light_wallet\" />
      </Unit>
      <Unit filename="/Users/nathan/bitshares/programs/light_wallet/CMakeLists.txt">
          <Option virtualFolder="CMake Files\programs\light_wallet\" />
      </Unit>
      <Unit filename="/Users/nathan/bitshares/../../../usr/local/opt/qt5/lib/cmake/Qt5Core/Qt5CoreConfigVersion.cmake">
          <Option virtualFolder="CMake Files\..\..\..\usr\local\opt\qt5\lib\cmake\Qt5Core\" />
      </Unit>
      <Unit filename="/Users/nathan/bitshares/../../../usr/local/opt/qt5/lib/cmake/Qt5Core/Qt5CoreConfig.cmake">
          <Option virtualFolder="CMake Files\..\..\..\usr\local\opt\qt5\lib\cmake\Qt5Core\" />
      </Unit>
      <Unit filename="/Users/nathan/bitshares/../../../usr/local/opt/qt5/lib/cmake/Qt5Core/Qt5CoreConfigExtras.cmake">
          <Option virtualFolder="CMake Files\..\..\..\usr\local\opt\qt5\lib\cmake\Qt5Core\" />
      </Unit>
      <Unit filename="/Users/nathan/bitshares/../../../usr/local/opt/qt5/lib/cmake/Qt5Core/Qt5CoreConfigExtrasMkspecDir.cmake">
          <Option virtualFolder="CMake Files\..\..\..\usr\local\opt\qt5\lib\cmake\Qt5Core\" />
      </Unit>
      <Unit filename="/Users/nathan/bitshares/../../../usr/local/opt/qt5/lib/cmake/Qt5Core/Qt5CoreMacros.cmake">
          <Option virtualFolder="CMake Files\..\..\..\usr\local\opt\qt5\lib\cmake\Qt5Core\" />
      </Unit>
      <Unit filename="/Users/nathan/bitshares/../../../usr/local/opt/qt5/lib/cmake/Qt5Core/Qt5CoreConfigVersion.cmake">
          <Option virtualFolder="CMake Files\..\..\..\usr\local\opt\qt5\lib\cmake\Qt5Core\" />
      </Unit>
      <Unit filename="/Users/nathan/bitshares/../../../usr/local/opt/qt5/lib/cmake/Qt5Core/Qt5CoreConfig.cmake">
          <Option virtualFolder="CMake Files\..\..\..\usr\local\opt\qt5\lib\cmake\Qt5Core\" />
      </Unit>
      <Unit filename="/Users/nathan/bitshares/../../../usr/local/opt/qt5/lib/cmake/Qt5Core/Qt5CoreConfigExtras.cmake">
          <Option virtualFolder="CMake Files\..\..\..\usr\local\opt\qt5\lib\cmake\Qt5Core\" />
      </Unit>
      <Unit filename="/Users/nathan/bitshares/../../../usr/local/opt/qt5/lib/cmake/Qt5Core/Qt5CoreConfigExtrasMkspecDir.cmake">
          <Option virtualFolder="CMake Files\..\..\..\usr\local\opt\qt5\lib\cmake\Qt5Core\" />
      </Unit>
      <Unit filename="/Users/nathan/bitshares/../../../usr/local/opt/qt5/lib/cmake/Qt5Core/Qt5CoreMacros.cmake">
          <Option virtualFolder="CMake Files\..\..\..\usr\local\opt\qt5\lib\cmake\Qt5Core\" />
      </Unit>
      <Unit filename="/Users/nathan/bitshares/../../../usr/local/opt/qt5/lib/cmake/Qt5Core/Qt5CoreConfigVersion.cmake">
          <Option virtualFolder="CMake Files\..\..\..\usr\local\opt\qt5\lib\cmake\Qt5Core\" />
      </Unit>
      <Unit filename="/Users/nathan/bitshares/../../../usr/local/opt/qt5/lib/cmake/Qt5Core/Qt5CoreConfig.cmake">
          <Option virtualFolder="CMake Files\..\..\..\usr\local\opt\qt5\lib\cmake\Qt5Core\" />
      </Unit>
      <Unit filename="/Users/nathan/bitshares/../../../usr/local/opt/qt5/lib/cmake/Qt5Core/Qt5CoreConfigExtras.cmake">
          <Option virtualFolder="CMake Files\..\..\..\usr\local\opt\qt5\lib\cmake\Qt5Core\" />
      </Unit>
      <Unit filename="/Users/nathan/bitshares/../../../usr/local/opt/qt5/lib/cmake/Qt5Core/Qt5CoreConfigExtrasMkspecDir.cmake">
          <Option virtualFolder="CMake Files\..\..\..\usr\local\opt\qt5\lib\cmake\Qt5Core\" />
      </Unit>
      <Unit filename="/Users/nathan/bitshares/../../../usr/local/opt/qt5/lib/cmake/Qt5Core/Qt5CoreMacros.cmake">
          <Option virtualFolder="CMake Files\..\..\..\usr\local\opt\qt5\lib\cmake\Qt5Core\" />
      </Unit>
      <Unit filename="/Users/nathan/bitshares/../../../usr/local/opt/qt5/lib/cmake/Qt5Core/Qt5CoreConfigVersion.cmake">
          <Option virtualFolder="CMake Files\..\..\..\usr\local\opt\qt5\lib\cmake\Qt5Core\" />
      </Unit>
      <Unit filename="/Users/nathan/bitshares/../../../usr/local/opt/qt5/lib/cmake/Qt5Core/Qt5CoreConfig.cmake">
          <Option virtualFolder="CMake Files\..\..\..\usr\local\opt\qt5\lib\cmake\Qt5Core\" />
      </Unit>
      <Unit filename="/Users/nathan/bitshares/../../../usr/local/opt/qt5/lib/cmake/Qt5Core/Qt5CoreConfigExtras.cmake">
          <Option virtualFolder="CMake Files\..\..\..\usr\local\opt\qt5\lib\cmake\Qt5Core\" />
      </Unit>
      <Unit filename="/Users/nathan/bitshares/../../../usr/local/opt/qt5/lib/cmake/Qt5Core/Qt5CoreConfigExtrasMkspecDir.cmake">
          <Option virtualFolder="CMake Files\..\..\..\usr\local\opt\qt5\lib\cmake\Qt5Core\" />
      </Unit>
      <Unit filename="/Users/nathan/bitshares/../../../usr/local/opt/qt5/lib/cmake/Qt5Core/Qt5CoreMacros.cmake">
          <Option virtualFolder="CMake Files\..\..\..\usr\local\opt\qt5\lib\cmake\Qt5Core\" />
      </Unit>
      <Unit filename="/Users/nathan/bitshares/../../../usr/local/opt/qt5/lib/cmake/Qt5Core/Qt5CoreConfigVersion.cmake">
          <Option virtualFolder="CMake Files\..\..\..\usr\local\opt\qt5\lib\cmake\Qt5Core\" />
      </Unit>
      <Unit filename="/Users/nathan/bitshares/../../../usr/local/opt/qt5/lib/cmake/Qt5Core/Qt5CoreConfig.cmake">
          <Option virtualFolder="CMake Files\..\..\..\usr\local\opt\qt5\lib\cmake\Qt5Core\" />
      </Unit>
      <Unit filename="/Users/nathan/bitshares/../../../usr/local/opt/qt5/lib/cmake/Qt5Core/Qt5CoreConfigExtras.cmake">
          <Option virtualFolder="CMake Files\..\..\..\usr\local\opt\qt5\lib\cmake\Qt5Core\" />
      </Unit>
      <Unit filename="/Users/nathan/bitshares/../../../usr/local/opt/qt5/lib/cmake/Qt5Core/Qt5CoreConfigExtrasMkspecDir.cmake">
          <Option virtualFolder="CMake Files\..\..\..\usr\local\opt\qt5\lib\cmake\Qt5Core\" />
      </Unit>
      <Unit filename="/Users/nathan/bitshares/../../../usr/local/opt/qt5/lib/cmake/Qt5Core/Qt5CoreMacros.cmake">
          <Option virtualFolder="CMake Files\..\..\..\usr\local\opt\qt5\lib\cmake\Qt5Core\" />
      </Unit>
      <Unit filename="/Users/nathan/bitshares/../../../usr/local/opt/qt5/lib/cmake/Qt5Gui/Qt5GuiConfigVersion.cmake">
          <Option virtualFolder="CMake Files\..\..\..\usr\local\opt\qt5\lib\cmake\Qt5Gui\" />
      </Unit>
      <Unit filename="/Users/nathan/bitshares/../../../usr/local/opt/qt5/lib/cmake/Qt5Gui/Qt5GuiConfig.cmake">
          <Option virtualFolder="CMake Files\..\..\..\usr\local\opt\qt5\lib\cmake\Qt5Gui\" />
      </Unit>
      <Unit filename="/Users/nathan/bitshares/../../../usr/local/opt/qt5/lib/cmake/Qt5Gui/Qt5Gui_QCocoaIntegrationPlugin.cmake">
          <Option virtualFolder="CMake Files\..\..\..\usr\local\opt\qt5\lib\cmake\Qt5Gui\" />
      </Unit>
      <Unit filename="/Users/nathan/bitshares/../../../usr/local/opt/qt5/lib/cmake/Qt5Gui/Qt5Gui_QDDSPlugin.cmake">
          <Option virtualFolder="CMake Files\..\..\..\usr\local\opt\qt5\lib\cmake\Qt5Gui\" />
      </Unit>
      <Unit filename="/Users/nathan/bitshares/../../../usr/local/opt/qt5/lib/cmake/Qt5Gui/Qt5Gui_QGifPlugin.cmake">
          <Option virtualFolder="CMake Files\..\..\..\usr\local\opt\qt5\lib\cmake\Qt5Gui\" />
      </Unit>
      <Unit filename="/Users/nathan/bitshares/../../../usr/local/opt/qt5/lib/cmake/Qt5Gui/Qt5Gui_QICNSPlugin.cmake">
          <Option virtualFolder="CMake Files\..\..\..\usr\local\opt\qt5\lib\cmake\Qt5Gui\" />
      </Unit>
      <Unit filename="/Users/nathan/bitshares/../../../usr/local/opt/qt5/lib/cmake/Qt5Gui/Qt5Gui_QICOPlugin.cmake">
          <Option virtualFolder="CMake Files\..\..\..\usr\local\opt\qt5\lib\cmake\Qt5Gui\" />
      </Unit>
      <Unit filename="/Users/nathan/bitshares/../../../usr/local/opt/qt5/lib/cmake/Qt5Gui/Qt5Gui_QJp2Plugin.cmake">
          <Option virtualFolder="CMake Files\..\..\..\usr\local\opt\qt5\lib\cmake\Qt5Gui\" />
      </Unit>
      <Unit filename="/Users/nathan/bitshares/../../../usr/local/opt/qt5/lib/cmake/Qt5Gui/Qt5Gui_QJpegPlugin.cmake">
          <Option virtualFolder="CMake Files\..\..\..\usr\local\opt\qt5\lib\cmake\Qt5Gui\" />
      </Unit>
      <Unit filename="/Users/nathan/bitshares/../../../usr/local/opt/qt5/lib/cmake/Qt5Gui/Qt5Gui_QMinimalIntegrationPlugin.cmake">
          <Option virtualFolder="CMake Files\..\..\..\usr\local\opt\qt5\lib\cmake\Qt5Gui\" />
      </Unit>
      <Unit filename="/Users/nathan/bitshares/../../../usr/local/opt/qt5/lib/cmake/Qt5Gui/Qt5Gui_QMngPlugin.cmake">
          <Option virtualFolder="CMake Files\..\..\..\usr\local\opt\qt5\lib\cmake\Qt5Gui\" />
      </Unit>
      <Unit filename="/Users/nathan/bitshares/../../../usr/local/opt/qt5/lib/cmake/Qt5Gui/Qt5Gui_QOffscreenIntegrationPlugin.cmake">
          <Option virtualFolder="CMake Files\..\..\..\usr\local\opt\qt5\lib\cmake\Qt5Gui\" />
      </Unit>
      <Unit filename="/Users/nathan/bitshares/../../../usr/local/opt/qt5/lib/cmake/Qt5Gui/Qt5Gui_QTgaPlugin.cmake">
          <Option virtualFolder="CMake Files\..\..\..\usr\local\opt\qt5\lib\cmake\Qt5Gui\" />
      </Unit>
      <Unit filename="/Users/nathan/bitshares/../../../usr/local/opt/qt5/lib/cmake/Qt5Gui/Qt5Gui_QTiffPlugin.cmake">
          <Option virtualFolder="CMake Files\..\..\..\usr\local\opt\qt5\lib\cmake\Qt5Gui\" />
      </Unit>
      <Unit filename="/Users/nathan/bitshares/../../../usr/local/opt/qt5/lib/cmake/Qt5Gui/Qt5Gui_QWbmpPlugin.cmake">
          <Option virtualFolder="CMake Files\..\..\..\usr\local\opt\qt5\lib\cmake\Qt5Gui\" />
      </Unit>
      <Unit filename="/Users/nathan/bitshares/../../../usr/local/opt/qt5/lib/cmake/Qt5Gui/Qt5Gui_QWebpPlugin.cmake">
          <Option virtualFolder="CMake Files\..\..\..\usr\local\opt\qt5\lib\cmake\Qt5Gui\" />
      </Unit>
      <Unit filename="/Users/nathan/bitshares/../../../usr/local/opt/qt5/lib/cmake/Qt5Gui/Qt5GuiConfigExtras.cmake">
          <Option virtualFolder="CMake Files\..\..\..\usr\local\opt\qt5\lib\cmake\Qt5Gui\" />
      </Unit>
      <Unit filename="/Users/nathan/bitshares/../../../usr/local/opt/qt5/lib/cmake/Qt5Gui/Qt5GuiConfigVersion.cmake">
          <Option virtualFolder="CMake Files\..\..\..\usr\local\opt\qt5\lib\cmake\Qt5Gui\" />
      </Unit>
      <Unit filename="/Users/nathan/bitshares/../../../usr/local/opt/qt5/lib/cmake/Qt5Gui/Qt5GuiConfig.cmake">
          <Option virtualFolder="CMake Files\..\..\..\usr\local\opt\qt5\lib\cmake\Qt5Gui\" />
      </Unit>
      <Unit filename="/Users/nathan/bitshares/../../../usr/local/opt/qt5/lib/cmake/Qt5Gui/Qt5Gui_QCocoaIntegrationPlugin.cmake">
          <Option virtualFolder="CMake Files\..\..\..\usr\local\opt\qt5\lib\cmake\Qt5Gui\" />
      </Unit>
      <Unit filename="/Users/nathan/bitshares/../../../usr/local/opt/qt5/lib/cmake/Qt5Gui/Qt5Gui_QDDSPlugin.cmake">
          <Option virtualFolder="CMake Files\..\..\..\usr\local\opt\qt5\lib\cmake\Qt5Gui\" />
      </Unit>
      <Unit filename="/Users/nathan/bitshares/../../../usr/local/opt/qt5/lib/cmake/Qt5Gui/Qt5Gui_QGifPlugin.cmake">
          <Option virtualFolder="CMake Files\..\..\..\usr\local\opt\qt5\lib\cmake\Qt5Gui\" />
      </Unit>
      <Unit filename="/Users/nathan/bitshares/../../../usr/local/opt/qt5/lib/cmake/Qt5Gui/Qt5Gui_QICNSPlugin.cmake">
          <Option virtualFolder="CMake Files\..\..\..\usr\local\opt\qt5\lib\cmake\Qt5Gui\" />
      </Unit>
      <Unit filename="/Users/nathan/bitshares/../../../usr/local/opt/qt5/lib/cmake/Qt5Gui/Qt5Gui_QICOPlugin.cmake">
          <Option virtualFolder="CMake Files\..\..\..\usr\local\opt\qt5\lib\cmake\Qt5Gui\" />
      </Unit>
      <Unit filename="/Users/nathan/bitshares/../../../usr/local/opt/qt5/lib/cmake/Qt5Gui/Qt5Gui_QJp2Plugin.cmake">
          <Option virtualFolder="CMake Files\..\..\..\usr\local\opt\qt5\lib\cmake\Qt5Gui\" />
      </Unit>
      <Unit filename="/Users/nathan/bitshares/../../../usr/local/opt/qt5/lib/cmake/Qt5Gui/Qt5Gui_QJpegPlugin.cmake">
          <Option virtualFolder="CMake Files\..\..\..\usr\local\opt\qt5\lib\cmake\Qt5Gui\" />
      </Unit>
      <Unit filename="/Users/nathan/bitshares/../../../usr/local/opt/qt5/lib/cmake/Qt5Gui/Qt5Gui_QMinimalIntegrationPlugin.cmake">
          <Option virtualFolder="CMake Files\..\..\..\usr\local\opt\qt5\lib\cmake\Qt5Gui\" />
      </Unit>
      <Unit filename="/Users/nathan/bitshares/../../../usr/local/opt/qt5/lib/cmake/Qt5Gui/Qt5Gui_QMngPlugin.cmake">
          <Option virtualFolder="CMake Files\..\..\..\usr\local\opt\qt5\lib\cmake\Qt5Gui\" />
      </Unit>
      <Unit filename="/Users/nathan/bitshares/../../../usr/local/opt/qt5/lib/cmake/Qt5Gui/Qt5Gui_QOffscreenIntegrationPlugin.cmake">
          <Option virtualFolder="CMake Files\..\..\..\usr\local\opt\qt5\lib\cmake\Qt5Gui\" />
      </Unit>
      <Unit filename="/Users/nathan/bitshares/../../../usr/local/opt/qt5/lib/cmake/Qt5Gui/Qt5Gui_QTgaPlugin.cmake">
          <Option virtualFolder="CMake Files\..\..\..\usr\local\opt\qt5\lib\cmake\Qt5Gui\" />
      </Unit>
      <Unit filename="/Users/nathan/bitshares/../../../usr/local/opt/qt5/lib/cmake/Qt5Gui/Qt5Gui_QTiffPlugin.cmake">
          <Option virtualFolder="CMake Files\..\..\..\usr\local\opt\qt5\lib\cmake\Qt5Gui\" />
      </Unit>
      <Unit filename="/Users/nathan/bitshares/../../../usr/local/opt/qt5/lib/cmake/Qt5Gui/Qt5Gui_QWbmpPlugin.cmake">
          <Option virtualFolder="CMake Files\..\..\..\usr\local\opt\qt5\lib\cmake\Qt5Gui\" />
      </Unit>
      <Unit filename="/Users/nathan/bitshares/../../../usr/local/opt/qt5/lib/cmake/Qt5Gui/Qt5Gui_QWebpPlugin.cmake">
          <Option virtualFolder="CMake Files\..\..\..\usr\local\opt\qt5\lib\cmake\Qt5Gui\" />
      </Unit>
      <Unit filename="/Users/nathan/bitshares/../../../usr/local/opt/qt5/lib/cmake/Qt5Gui/Qt5GuiConfigExtras.cmake">
          <Option virtualFolder="CMake Files\..\..\..\usr\local\opt\qt5\lib\cmake\Qt5Gui\" />
      </Unit>
      <Unit filename="/Users/nathan/bitshares/../../../usr/local/opt/qt5/lib/cmake/Qt5Gui/Qt5GuiConfigVersion.cmake">
          <Option virtualFolder="CMake Files\..\..\..\usr\local\opt\qt5\lib\cmake\Qt5Gui\" />
      </Unit>
      <Unit filename="/Users/nathan/bitshares/../../../usr/local/opt/qt5/lib/cmake/Qt5Gui/Qt5GuiConfig.cmake">
          <Option virtualFolder="CMake Files\..\..\..\usr\local\opt\qt5\lib\cmake\Qt5Gui\" />
      </Unit>
      <Unit filename="/Users/nathan/bitshares/../../../usr/local/opt/qt5/lib/cmake/Qt5Gui/Qt5Gui_QCocoaIntegrationPlugin.cmake">
          <Option virtualFolder="CMake Files\..\..\..\usr\local\opt\qt5\lib\cmake\Qt5Gui\" />
      </Unit>
      <Unit filename="/Users/nathan/bitshares/../../../usr/local/opt/qt5/lib/cmake/Qt5Gui/Qt5Gui_QDDSPlugin.cmake">
          <Option virtualFolder="CMake Files\..\..\..\usr\local\opt\qt5\lib\cmake\Qt5Gui\" />
      </Unit>
      <Unit filename="/Users/nathan/bitshares/../../../usr/local/opt/qt5/lib/cmake/Qt5Gui/Qt5Gui_QGifPlugin.cmake">
          <Option virtualFolder="CMake Files\..\..\..\usr\local\opt\qt5\lib\cmake\Qt5Gui\" />
      </Unit>
      <Unit filename="/Users/nathan/bitshares/../../../usr/local/opt/qt5/lib/cmake/Qt5Gui/Qt5Gui_QICNSPlugin.cmake">
          <Option virtualFolder="CMake Files\..\..\..\usr\local\opt\qt5\lib\cmake\Qt5Gui\" />
      </Unit>
      <Unit filename="/Users/nathan/bitshares/../../../usr/local/opt/qt5/lib/cmake/Qt5Gui/Qt5Gui_QICOPlugin.cmake">
          <Option virtualFolder="CMake Files\..\..\..\usr\local\opt\qt5\lib\cmake\Qt5Gui\" />
      </Unit>
      <Unit filename="/Users/nathan/bitshares/../../../usr/local/opt/qt5/lib/cmake/Qt5Gui/Qt5Gui_QJp2Plugin.cmake">
          <Option virtualFolder="CMake Files\..\..\..\usr\local\opt\qt5\lib\cmake\Qt5Gui\" />
      </Unit>
      <Unit filename="/Users/nathan/bitshares/../../../usr/local/opt/qt5/lib/cmake/Qt5Gui/Qt5Gui_QJpegPlugin.cmake">
          <Option virtualFolder="CMake Files\..\..\..\usr\local\opt\qt5\lib\cmake\Qt5Gui\" />
      </Unit>
      <Unit filename="/Users/nathan/bitshares/../../../usr/local/opt/qt5/lib/cmake/Qt5Gui/Qt5Gui_QMinimalIntegrationPlugin.cmake">
          <Option virtualFolder="CMake Files\..\..\..\usr\local\opt\qt5\lib\cmake\Qt5Gui\" />
      </Unit>
      <Unit filename="/Users/nathan/bitshares/../../../usr/local/opt/qt5/lib/cmake/Qt5Gui/Qt5Gui_QMngPlugin.cmake">
          <Option virtualFolder="CMake Files\..\..\..\usr\local\opt\qt5\lib\cmake\Qt5Gui\" />
      </Unit>
      <Unit filename="/Users/nathan/bitshares/../../../usr/local/opt/qt5/lib/cmake/Qt5Gui/Qt5Gui_QOffscreenIntegrationPlugin.cmake">
          <Option virtualFolder="CMake Files\..\..\..\usr\local\opt\qt5\lib\cmake\Qt5Gui\" />
      </Unit>
      <Unit filename="/Users/nathan/bitshares/../../../usr/local/opt/qt5/lib/cmake/Qt5Gui/Qt5Gui_QTgaPlugin.cmake">
          <Option virtualFolder="CMake Files\..\..\..\usr\local\opt\qt5\lib\cmake\Qt5Gui\" />
      </Unit>
      <Unit filename="/Users/nathan/bitshares/../../../usr/local/opt/qt5/lib/cmake/Qt5Gui/Qt5Gui_QTiffPlugin.cmake">
          <Option virtualFolder="CMake Files\..\..\..\usr\local\opt\qt5\lib\cmake\Qt5Gui\" />
      </Unit>
      <Unit filename="/Users/nathan/bitshares/../../../usr/local/opt/qt5/lib/cmake/Qt5Gui/Qt5Gui_QWbmpPlugin.cmake">
          <Option virtualFolder="CMake Files\..\..\..\usr\local\opt\qt5\lib\cmake\Qt5Gui\" />
      </Unit>
      <Unit filename="/Users/nathan/bitshares/../../../usr/local/opt/qt5/lib/cmake/Qt5Gui/Qt5Gui_QWebpPlugin.cmake">
          <Option virtualFolder="CMake Files\..\..\..\usr\local\opt\qt5\lib\cmake\Qt5Gui\" />
      </Unit>
      <Unit filename="/Users/nathan/bitshares/../../../usr/local/opt/qt5/lib/cmake/Qt5Gui/Qt5GuiConfigExtras.cmake">
          <Option virtualFolder="CMake Files\..\..\..\usr\local\opt\qt5\lib\cmake\Qt5Gui\" />
      </Unit>
      <Unit filename="/Users/nathan/bitshares/../../../usr/local/opt/qt5/lib/cmake/Qt5Gui/Qt5GuiConfigVersion.cmake">
          <Option virtualFolder="CMake Files\..\..\..\usr\local\opt\qt5\lib\cmake\Qt5Gui\" />
      </Unit>
      <Unit filename="/Users/nathan/bitshares/../../../usr/local/opt/qt5/lib/cmake/Qt5Gui/Qt5GuiConfig.cmake">
          <Option virtualFolder="CMake Files\..\..\..\usr\local\opt\qt5\lib\cmake\Qt5Gui\" />
      </Unit>
      <Unit filename="/Users/nathan/bitshares/../../../usr/local/opt/qt5/lib/cmake/Qt5Gui/Qt5Gui_QCocoaIntegrationPlugin.cmake">
          <Option virtualFolder="CMake Files\..\..\..\usr\local\opt\qt5\lib\cmake\Qt5Gui\" />
      </Unit>
      <Unit filename="/Users/nathan/bitshares/../../../usr/local/opt/qt5/lib/cmake/Qt5Gui/Qt5Gui_QDDSPlugin.cmake">
          <Option virtualFolder="CMake Files\..\..\..\usr\local\opt\qt5\lib\cmake\Qt5Gui\" />
      </Unit>
      <Unit filename="/Users/nathan/bitshares/../../../usr/local/opt/qt5/lib/cmake/Qt5Gui/Qt5Gui_QGifPlugin.cmake">
          <Option virtualFolder="CMake Files\..\..\..\usr\local\opt\qt5\lib\cmake\Qt5Gui\" />
      </Unit>
      <Unit filename="/Users/nathan/bitshares/../../../usr/local/opt/qt5/lib/cmake/Qt5Gui/Qt5Gui_QICNSPlugin.cmake">
          <Option virtualFolder="CMake Files\..\..\..\usr\local\opt\qt5\lib\cmake\Qt5Gui\" />
      </Unit>
      <Unit filename="/Users/nathan/bitshares/../../../usr/local/opt/qt5/lib/cmake/Qt5Gui/Qt5Gui_QICOPlugin.cmake">
          <Option virtualFolder="CMake Files\..\..\..\usr\local\opt\qt5\lib\cmake\Qt5Gui\" />
      </Unit>
      <Unit filename="/Users/nathan/bitshares/../../../usr/local/opt/qt5/lib/cmake/Qt5Gui/Qt5Gui_QJp2Plugin.cmake">
          <Option virtualFolder="CMake Files\..\..\..\usr\local\opt\qt5\lib\cmake\Qt5Gui\" />
      </Unit>
      <Unit filename="/Users/nathan/bitshares/../../../usr/local/opt/qt5/lib/cmake/Qt5Gui/Qt5Gui_QJpegPlugin.cmake">
          <Option virtualFolder="CMake Files\..\..\..\usr\local\opt\qt5\lib\cmake\Qt5Gui\" />
      </Unit>
      <Unit filename="/Users/nathan/bitshares/../../../usr/local/opt/qt5/lib/cmake/Qt5Gui/Qt5Gui_QMinimalIntegrationPlugin.cmake">
          <Option virtualFolder="CMake Files\..\..\..\usr\local\opt\qt5\lib\cmake\Qt5Gui\" />
      </Unit>
      <Unit filename="/Users/nathan/bitshares/../../../usr/local/opt/qt5/lib/cmake/Qt5Gui/Qt5Gui_QMngPlugin.cmake">
          <Option virtualFolder="CMake Files\..\..\..\usr\local\opt\qt5\lib\cmake\Qt5Gui\" />
      </Unit>
      <Unit filename="/Users/nathan/bitshares/../../../usr/local/opt/qt5/lib/cmake/Qt5Gui/Qt5Gui_QOffscreenIntegrationPlugin.cmake">
          <Option virtualFolder="CMake Files\..\..\..\usr\local\opt\qt5\lib\cmake\Qt5Gui\" />
      </Unit>
      <Unit filename="/Users/nathan/bitshares/../../../usr/local/opt/qt5/lib/cmake/Qt5Gui/Qt5Gui_QTgaPlugin.cmake">
          <Option virtualFolder="CMake Files\..\..\..\usr\local\opt\qt5\lib\cmake\Qt5Gui\" />
      </Unit>
      <Unit filename="/Users/nathan/bitshares/../../../usr/local/opt/qt5/lib/cmake/Qt5Gui/Qt5Gui_QTiffPlugin.cmake">
          <Option virtualFolder="CMake Files\..\..\..\usr\local\opt\qt5\lib\cmake\Qt5Gui\" />
      </Unit>
      <Unit filename="/Users/nathan/bitshares/../../../usr/local/opt/qt5/lib/cmake/Qt5Gui/Qt5Gui_QWbmpPlugin.cmake">
          <Option virtualFolder="CMake Files\..\..\..\usr\local\opt\qt5\lib\cmake\Qt5Gui\" />
      </Unit>
      <Unit filename="/Users/nathan/bitshares/../../../usr/local/opt/qt5/lib/cmake/Qt5Gui/Qt5Gui_QWebpPlugin.cmake">
          <Option virtualFolder="CMake Files\..\..\..\usr\local\opt\qt5\lib\cmake\Qt5Gui\" />
      </Unit>
      <Unit filename="/Users/nathan/bitshares/../../../usr/local/opt/qt5/lib/cmake/Qt5Gui/Qt5GuiConfigExtras.cmake">
          <Option virtualFolder="CMake Files\..\..\..\usr\local\opt\qt5\lib\cmake\Qt5Gui\" />
      </Unit>
      <Unit filename="/Users/nathan/bitshares/../../../usr/local/opt/qt5/lib/cmake/Qt5Widgets/Qt5WidgetsConfigVersion.cmake">
          <Option virtualFolder="CMake Files\..\..\..\usr\local\opt\qt5\lib\cmake\Qt5Widgets\" />
      </Unit>
      <Unit filename="/Users/nathan/bitshares/../../../usr/local/opt/qt5/lib/cmake/Qt5Widgets/Qt5WidgetsConfig.cmake">
          <Option virtualFolder="CMake Files\..\..\..\usr\local\opt\qt5\lib\cmake\Qt5Widgets\" />
      </Unit>
      <Unit filename="/Users/nathan/bitshares/../../../usr/local/opt/qt5/lib/cmake/Qt5Widgets/Qt5WidgetsConfigExtras.cmake">
          <Option virtualFolder="CMake Files\..\..\..\usr\local\opt\qt5\lib\cmake\Qt5Widgets\" />
      </Unit>
      <Unit filename="/Users/nathan/bitshares/../../../usr/local/opt/qt5/lib/cmake/Qt5Widgets/Qt5WidgetsMacros.cmake">
          <Option virtualFolder="CMake Files\..\..\..\usr\local\opt\qt5\lib\cmake\Qt5Widgets\" />
      </Unit>
      <Unit filename="/Users/nathan/bitshares/../../../usr/local/opt/qt5/lib/cmake/Qt5Widgets/Qt5WidgetsConfigVersion.cmake">
          <Option virtualFolder="CMake Files\..\..\..\usr\local\opt\qt5\lib\cmake\Qt5Widgets\" />
      </Unit>
      <Unit filename="/Users/nathan/bitshares/../../../usr/local/opt/qt5/lib/cmake/Qt5Widgets/Qt5WidgetsConfig.cmake">
          <Option virtualFolder="CMake Files\..\..\..\usr\local\opt\qt5\lib\cmake\Qt5Widgets\" />
      </Unit>
      <Unit filename="/Users/nathan/bitshares/../../../usr/local/opt/qt5/lib/cmake/Qt5Widgets/Qt5WidgetsConfigExtras.cmake">
          <Option virtualFolder="CMake Files\..\..\..\usr\local\opt\qt5\lib\cmake\Qt5Widgets\" />
      </Unit>
      <Unit filename="/Users/nathan/bitshares/../../../usr/local/opt/qt5/lib/cmake/Qt5Widgets/Qt5WidgetsMacros.cmake">
          <Option virtualFolder="CMake Files\..\..\..\usr\local\opt\qt5\lib\cmake\Qt5Widgets\" />
      </Unit>
      <Unit filename="/Users/nathan/bitshares/../../../usr/local/opt/qt5/lib/cmake/Qt5WebKit/Qt5WebKitConfigVersion.cmake">
          <Option virtualFolder="CMake Files\..\..\..\usr\local\opt\qt5\lib\cmake\Qt5WebKit\" />
      </Unit>
      <Unit filename="/Users/nathan/bitshares/../../../usr/local/opt/qt5/lib/cmake/Qt5WebKit/Qt5WebKitConfig.cmake">
          <Option virtualFolder="CMake Files\..\..\..\usr\local\opt\qt5\lib\cmake\Qt5WebKit\" />
      </Unit>
      <Unit filename="/Users/nathan/bitshares/../../../usr/local/opt/qt5/lib/cmake/Qt5WebKit/Qt5WebKitConfigVersion.cmake">
          <Option virtualFolder="CMake Files\..\..\..\usr\local\opt\qt5\lib\cmake\Qt5WebKit\" />
      </Unit>
      <Unit filename="/Users/nathan/bitshares/../../../usr/local/opt/qt5/lib/cmake/Qt5WebKit/Qt5WebKitConfig.cmake">
          <Option virtualFolder="CMake Files\..\..\..\usr\local\opt\qt5\lib\cmake\Qt5WebKit\" />
      </Unit>
      <Unit filename="/Users/nathan/bitshares/../../../usr/local/opt/qt5/lib/cmake/Qt5Network/Qt5NetworkConfigVersion.cmake">
          <Option virtualFolder="CMake Files\..\..\..\usr\local\opt\qt5\lib\cmake\Qt5Network\" />
      </Unit>
      <Unit filename="/Users/nathan/bitshares/../../../usr/local/opt/qt5/lib/cmake/Qt5Network/Qt5NetworkConfig.cmake">
          <Option virtualFolder="CMake Files\..\..\..\usr\local\opt\qt5\lib\cmake\Qt5Network\" />
      </Unit>
      <Unit filename="/Users/nathan/bitshares/../../../usr/local/opt/qt5/lib/cmake/Qt5Network/Qt5Network_QCoreWlanEnginePlugin.cmake">
          <Option virtualFolder="CMake Files\..\..\..\usr\local\opt\qt5\lib\cmake\Qt5Network\" />
      </Unit>
      <Unit filename="/Users/nathan/bitshares/../../../usr/local/opt/qt5/lib/cmake/Qt5Network/Qt5Network_QGenericEnginePlugin.cmake">
          <Option virtualFolder="CMake Files\..\..\..\usr\local\opt\qt5\lib\cmake\Qt5Network\" />
      </Unit>
      <Unit filename="/Users/nathan/bitshares/../../../usr/local/opt/qt5/lib/cmake/Qt5Network/Qt5NetworkConfigVersion.cmake">
          <Option virtualFolder="CMake Files\..\..\..\usr\local\opt\qt5\lib\cmake\Qt5Network\" />
      </Unit>
      <Unit filename="/Users/nathan/bitshares/../../../usr/local/opt/qt5/lib/cmake/Qt5Network/Qt5NetworkConfig.cmake">
          <Option virtualFolder="CMake Files\..\..\..\usr\local\opt\qt5\lib\cmake\Qt5Network\" />
      </Unit>
      <Unit filename="/Users/nathan/bitshares/../../../usr/local/opt/qt5/lib/cmake/Qt5Network/Qt5Network_QCoreWlanEnginePlugin.cmake">
          <Option virtualFolder="CMake Files\..\..\..\usr\local\opt\qt5\lib\cmake\Qt5Network\" />
      </Unit>
      <Unit filename="/Users/nathan/bitshares/../../../usr/local/opt/qt5/lib/cmake/Qt5Network/Qt5Network_QGenericEnginePlugin.cmake">
          <Option virtualFolder="CMake Files\..\..\..\usr\local\opt\qt5\lib\cmake\Qt5Network\" />
      </Unit>
      <Unit filename="/Users/nathan/bitshares/../../../usr/local/opt/qt5/lib/cmake/Qt5Network/Qt5NetworkConfigVersion.cmake">
          <Option virtualFolder="CMake Files\..\..\..\usr\local\opt\qt5\lib\cmake\Qt5Network\" />
      </Unit>
      <Unit filename="/Users/nathan/bitshares/../../../usr/local/opt/qt5/lib/cmake/Qt5Network/Qt5NetworkConfig.cmake">
          <Option virtualFolder="CMake Files\..\..\..\usr\local\opt\qt5\lib\cmake\Qt5Network\" />
      </Unit>
      <Unit filename="/Users/nathan/bitshares/../../../usr/local/opt/qt5/lib/cmake/Qt5Network/Qt5Network_QCoreWlanEnginePlugin.cmake">
          <Option virtualFolder="CMake Files\..\..\..\usr\local\opt\qt5\lib\cmake\Qt5Network\" />
      </Unit>
      <Unit filename="/Users/nathan/bitshares/../../../usr/local/opt/qt5/lib/cmake/Qt5Network/Qt5Network_QGenericEnginePlugin.cmake">
          <Option virtualFolder="CMake Files\..\..\..\usr\local\opt\qt5\lib\cmake\Qt5Network\" />
      </Unit>
      <Unit filename="/Users/nathan/bitshares/../../../usr/local/opt/qt5/lib/cmake/Qt5Network/Qt5NetworkConfigVersion.cmake">
          <Option virtualFolder="CMake Files\..\..\..\usr\local\opt\qt5\lib\cmake\Qt5Network\" />
      </Unit>
      <Unit filename="/Users/nathan/bitshares/../../../usr/local/opt/qt5/lib/cmake/Qt5Network/Qt5NetworkConfig.cmake">
          <Option virtualFolder="CMake Files\..\..\..\usr\local\opt\qt5\lib\cmake\Qt5Network\" />
      </Unit>
      <Unit filename="/Users/nathan/bitshares/../../../usr/local/opt/qt5/lib/cmake/Qt5Network/Qt5Network_QCoreWlanEnginePlugin.cmake">
          <Option virtualFolder="CMake Files\..\..\..\usr\local\opt\qt5\lib\cmake\Qt5Network\" />
      </Unit>
      <Unit filename="/Users/nathan/bitshares/../../../usr/local/opt/qt5/lib/cmake/Qt5Network/Qt5Network_QGenericEnginePlugin.cmake">
          <Option virtualFolder="CMake Files\..\..\..\usr\local\opt\qt5\lib\cmake\Qt5Network\" />
      </Unit>
      <Unit filename="/Users/nathan/bitshares/../../../usr/local/opt/qt5/lib/cmake/Qt5WebKitWidgets/Qt5WebKitWidgetsConfigVersion.cmake">
          <Option virtualFolder="CMake Files\..\..\..\usr\local\opt\qt5\lib\cmake\Qt5WebKitWidgets\" />
      </Unit>
      <Unit filename="/Users/nathan/bitshares/../../../usr/local/opt/qt5/lib/cmake/Qt5WebKitWidgets/Qt5WebKitWidgetsConfig.cmake">
          <Option virtualFolder="CMake Files\..\..\..\usr\local\opt\qt5\lib\cmake\Qt5WebKitWidgets\" />
      </Unit>
      <Unit filename="/Users/nathan/bitshares/../../../usr/local/opt/qt5/lib/cmake/Qt5WebKitWidgets/Qt5WebKitWidgetsConfigVersion.cmake">
          <Option virtualFolder="CMake Files\..\..\..\usr\local\opt\qt5\lib\cmake\Qt5WebKitWidgets\" />
      </Unit>
      <Unit filename="/Users/nathan/bitshares/../../../usr/local/opt/qt5/lib/cmake/Qt5WebKitWidgets/Qt5WebKitWidgetsConfig.cmake">
          <Option virtualFolder="CMake Files\..\..\..\usr\local\opt\qt5\lib\cmake\Qt5WebKitWidgets\" />
      </Unit>
      <Unit filename="/Users/nathan/bitshares/../../../usr/local/opt/qt5/lib/cmake/Qt5LinguistTools/Qt5LinguistToolsConfigVersion.cmake">
          <Option virtualFolder="CMake Files\..\..\..\usr\local\opt\qt5\lib\cmake\Qt5LinguistTools\" />
      </Unit>
      <Unit filename="/Users/nathan/bitshares/../../../usr/local/opt/qt5/lib/cmake/Qt5LinguistTools/Qt5LinguistToolsConfig.cmake">
          <Option virtualFolder="CMake Files\..\..\..\usr\local\opt\qt5\lib\cmake\Qt5LinguistTools\" />
      </Unit>
      <Unit filename="/Users/nathan/bitshares/../../../usr/local/opt/qt5/lib/cmake/Qt5LinguistTools/Qt5LinguistToolsMacros.cmake">
          <Option virtualFolder="CMake Files\..\..\..\usr\local\opt\qt5\lib\cmake\Qt5LinguistTools\" />
      </Unit>
      <Unit filename="/Users/nathan/bitshares/../../../usr/local/opt/qt5/lib/cmake/Qt5LinguistTools/Qt5LinguistToolsConfigVersion.cmake">
          <Option virtualFolder="CMake Files\..\..\..\usr\local\opt\qt5\lib\cmake\Qt5LinguistTools\" />
      </Unit>
      <Unit filename="/Users/nathan/bitshares/../../../usr/local/opt/qt5/lib/cmake/Qt5LinguistTools/Qt5LinguistToolsConfig.cmake">
          <Option virtualFolder="CMake Files\..\..\..\usr\local\opt\qt5\lib\cmake\Qt5LinguistTools\" />
      </Unit>
      <Unit filename="/Users/nathan/bitshares/../../../usr/local/opt/qt5/lib/cmake/Qt5LinguistTools/Qt5LinguistToolsMacros.cmake">
          <Option virtualFolder="CMake Files\..\..\..\usr\local\opt\qt5\lib\cmake\Qt5LinguistTools\" />
      </Unit>
      <Unit filename="/Users/nathan/bitshares/../../../usr/local/opt/qt5/lib/cmake/Qt5Quick/Qt5QuickConfigVersion.cmake">
          <Option virtualFolder="CMake Files\..\..\..\usr\local\opt\qt5\lib\cmake\Qt5Quick\" />
      </Unit>
      <Unit filename="/Users/nathan/bitshares/../../../usr/local/opt/qt5/lib/cmake/Qt5Quick/Qt5QuickConfig.cmake">
          <Option virtualFolder="CMake Files\..\..\..\usr\local\opt\qt5\lib\cmake\Qt5Quick\" />
      </Unit>
      <Unit filename="/Users/nathan/bitshares/../../../usr/local/opt/qt5/lib/cmake/Qt5Quick/Qt5QuickConfigVersion.cmake">
          <Option virtualFolder="CMake Files\..\..\..\usr\local\opt\qt5\lib\cmake\Qt5Quick\" />
      </Unit>
      <Unit filename="/Users/nathan/bitshares/../../../usr/local/opt/qt5/lib/cmake/Qt5Quick/Qt5QuickConfig.cmake">
          <Option virtualFolder="CMake Files\..\..\..\usr\local\opt\qt5\lib\cmake\Qt5Quick\" />
      </Unit>
      <Unit filename="/Users/nathan/bitshares/../../../usr/local/opt/qt5/lib/cmake/Qt5Qml/Qt5QmlConfigVersion.cmake">
          <Option virtualFolder="CMake Files\..\..\..\usr\local\opt\qt5\lib\cmake\Qt5Qml\" />
      </Unit>
      <Unit filename="/Users/nathan/bitshares/../../../usr/local/opt/qt5/lib/cmake/Qt5Qml/Qt5QmlConfig.cmake">
          <Option virtualFolder="CMake Files\..\..\..\usr\local\opt\qt5\lib\cmake\Qt5Qml\" />
      </Unit>
      <Unit filename="/Users/nathan/bitshares/../../../usr/local/opt/qt5/lib/cmake/Qt5Qml/Qt5Qml_QtQuick2Plugin.cmake">
          <Option virtualFolder="CMake Files\..\..\..\usr\local\opt\qt5\lib\cmake\Qt5Qml\" />
      </Unit>
      <Unit filename="/Users/nathan/bitshares/../../../usr/local/opt/qt5/lib/cmake/Qt5Qml/Qt5QmlConfigVersion.cmake">
          <Option virtualFolder="CMake Files\..\..\..\usr\local\opt\qt5\lib\cmake\Qt5Qml\" />
      </Unit>
      <Unit filename="/Users/nathan/bitshares/../../../usr/local/opt/qt5/lib/cmake/Qt5Qml/Qt5QmlConfig.cmake">
          <Option virtualFolder="CMake Files\..\..\..\usr\local\opt\qt5\lib\cmake\Qt5Qml\" />
      </Unit>
      <Unit filename="/Users/nathan/bitshares/../../../usr/local/opt/qt5/lib/cmake/Qt5Qml/Qt5Qml_QtQuick2Plugin.cmake">
          <Option virtualFolder="CMake Files\..\..\..\usr\local\opt\qt5\lib\cmake\Qt5Qml\" />
      </Unit>
      <Unit filename="/Users/nathan/bitshares/tests/CMakeLists.txt">
          <Option virtualFolder="CMake Files\tests\" />
      </Unit>
      <Unit filename="/Users/nathan/bitshares/tests/bitcoin/CMakeLists.txt">
          <Option virtualFolder="CMake Files\tests\bitcoin\" />
      </Unit>
      <Unit filename="/Users/nathan/bitshares/tests/drltc_tests/CMakeLists.txt">
          <Option virtualFolder="CMake Files\tests\drltc_tests\" />
      </Unit>
      <Unit filename="/Users/nathan/bitshares/tests/drltc_tests/serial/CMakeLists.txt">
          <Option virtualFolder="CMake Files\tests\drltc_tests\serial\" />
      </Unit>
      <Unit filename="/Users/nathan/bitshares/tests/drltc_tests/tscript/CMakeLists.txt">
          <Option virtualFolder="CMake Files\tests\drltc_tests\tscript\" />
      </Unit>
      <Unit filename="/Users/nathan/bitshares/tests/drltc_tests/fc_math/CMakeLists.txt">
          <Option virtualFolder="CMake Files\tests\drltc_tests\fc_math\" />
      </Unit>
   </Project>
</CodeBlocks_project_file>
